// !$*UTF8*$!
{
	archiveVersion = 1;
	classes = {
	};
	objectVersion = 55;
	objects = {

/* Begin PBXBuildFile section */
		E20B0BB4279D40E900528EFC /* landmarkData.json in Resources */ = {isa = PBXBuildFile; fileRef = E20B0BB3279D40E900528EFC /* landmarkData.json */; };
		E20B0BB6279D411200528EFC /* Landmark.swift in Sources */ = {isa = PBXBuildFile; fileRef = E20B0BB5279D411200528EFC /* Landmark.swift */; };
		E20B0BB8279D443900528EFC /* ModelData.swift in Sources */ = {isa = PBXBuildFile; fileRef = E20B0BB7279D443900528EFC /* ModelData.swift */; };
		E20B0BBF279D55FC00528EFC /* LandmarkRow.swift in Sources */ = {isa = PBXBuildFile; fileRef = E20B0BBE279D55FC00528EFC /* LandmarkRow.swift */; };
		E20B0BC1279D59AC00528EFC /* LandmarkList.swift in Sources */ = {isa = PBXBuildFile; fileRef = E20B0BC0279D59AC00528EFC /* LandmarkList.swift */; };
		E20B0BC3279D5C5300528EFC /* LandmarkDetail.swift in Sources */ = {isa = PBXBuildFile; fileRef = E20B0BC2279D5C5300528EFC /* LandmarkDetail.swift */; };
		E20B0BCB27A15D3E00528EFC /* HexagonParameters.swift in Sources */ = {isa = PBXBuildFile; fileRef = E20B0BCA27A15D3E00528EFC /* HexagonParameters.swift */; };
		E226D177279D195000AB97BA /* LandmarksApp.swift in Sources */ = {isa = PBXBuildFile; fileRef = E226D176279D195000AB97BA /* LandmarksApp.swift */; };
		E226D179279D195000AB97BA /* ContentView.swift in Sources */ = {isa = PBXBuildFile; fileRef = E226D178279D195000AB97BA /* ContentView.swift */; };
		E226D17B279D195200AB97BA /* Assets.xcassets in Resources */ = {isa = PBXBuildFile; fileRef = E226D17A279D195200AB97BA /* Assets.xcassets */; };
		E226D17E279D195200AB97BA /* Preview Assets.xcassets in Resources */ = {isa = PBXBuildFile; fileRef = E226D17D279D195200AB97BA /* Preview Assets.xcassets */; };
		E226D188279D195200AB97BA /* LandmarksTests.swift in Sources */ = {isa = PBXBuildFile; fileRef = E226D187279D195200AB97BA /* LandmarksTests.swift */; };
		E226D192279D195200AB97BA /* LandmarksUITests.swift in Sources */ = {isa = PBXBuildFile; fileRef = E226D191279D195200AB97BA /* LandmarksUITests.swift */; };
		E226D194279D195300AB97BA /* LandmarksUITestsLaunchTests.swift in Sources */ = {isa = PBXBuildFile; fileRef = E226D193279D195300AB97BA /* LandmarksUITestsLaunchTests.swift */; };
		E228D05A279D2DD2008599B2 /* CircleImage.swift in Sources */ = {isa = PBXBuildFile; fileRef = E228D059279D2DD2008599B2 /* CircleImage.swift */; };
		E228D05C279D31BC008599B2 /* MapView.swift in Sources */ = {isa = PBXBuildFile; fileRef = E228D05B279D31BC008599B2 /* MapView.swift */; };
/* End PBXBuildFile section */

/* Begin PBXContainerItemProxy section */
		E226D184279D195200AB97BA /* PBXContainerItemProxy */ = {
			isa = PBXContainerItemProxy;
			containerPortal = E226D16B279D195000AB97BA /* Project object */;
			proxyType = 1;
			remoteGlobalIDString = E226D172279D195000AB97BA;
			remoteInfo = Landmarks;
		};
		E226D18E279D195200AB97BA /* PBXContainerItemProxy */ = {
			isa = PBXContainerItemProxy;
			containerPortal = E226D16B279D195000AB97BA /* Project object */;
			proxyType = 1;
			remoteGlobalIDString = E226D172279D195000AB97BA;
			remoteInfo = Landmarks;
		};
/* End PBXContainerItemProxy section */

/* Begin PBXFileReference section */
		E20B0BB3279D40E900528EFC /* landmarkData.json */ = {isa = PBXFileReference; fileEncoding = 4; lastKnownFileType = text.json; path = landmarkData.json; sourceTree = "<group>"; };
		E20B0BB5279D411200528EFC /* Landmark.swift */ = {isa = PBXFileReference; lastKnownFileType = sourcecode.swift; path = Landmark.swift; sourceTree = "<group>"; };
		E20B0BB7279D443900528EFC /* ModelData.swift */ = {isa = PBXFileReference; lastKnownFileType = sourcecode.swift; path = ModelData.swift; sourceTree = "<group>"; };
		E20B0BBE279D55FC00528EFC /* LandmarkRow.swift */ = {isa = PBXFileReference; lastKnownFileType = sourcecode.swift; path = LandmarkRow.swift; sourceTree = "<group>"; };
		E20B0BC0279D59AC00528EFC /* LandmarkList.swift */ = {isa = PBXFileReference; lastKnownFileType = sourcecode.swift; path = LandmarkList.swift; sourceTree = "<group>"; };
		E20B0BC2279D5C5300528EFC /* LandmarkDetail.swift */ = {isa = PBXFileReference; lastKnownFileType = sourcecode.swift; path = LandmarkDetail.swift; sourceTree = "<group>"; };
		E20B0BCA27A15D3E00528EFC /* HexagonParameters.swift */ = {isa = PBXFileReference; lastKnownFileType = sourcecode.swift; path = HexagonParameters.swift; sourceTree = "<group>"; };
		E226D173279D195000AB97BA /* Landmarks.app */ = {isa = PBXFileReference; explicitFileType = wrapper.application; includeInIndex = 0; path = Landmarks.app; sourceTree = BUILT_PRODUCTS_DIR; };
		E226D176279D195000AB97BA /* LandmarksApp.swift */ = {isa = PBXFileReference; lastKnownFileType = sourcecode.swift; path = LandmarksApp.swift; sourceTree = "<group>"; };
		E226D178279D195000AB97BA /* ContentView.swift */ = {isa = PBXFileReference; lastKnownFileType = sourcecode.swift; path = ContentView.swift; sourceTree = "<group>"; };
		E226D17A279D195200AB97BA /* Assets.xcassets */ = {isa = PBXFileReference; lastKnownFileType = folder.assetcatalog; path = Assets.xcassets; sourceTree = "<group>"; };
		E226D17D279D195200AB97BA /* Preview Assets.xcassets */ = {isa = PBXFileReference; lastKnownFileType = folder.assetcatalog; path = "Preview Assets.xcassets"; sourceTree = "<group>"; };
		E226D183279D195200AB97BA /* LandmarksTests.xctest */ = {isa = PBXFileReference; explicitFileType = wrapper.cfbundle; includeInIndex = 0; path = LandmarksTests.xctest; sourceTree = BUILT_PRODUCTS_DIR; };
		E226D187279D195200AB97BA /* LandmarksTests.swift */ = {isa = PBXFileReference; lastKnownFileType = sourcecode.swift; path = LandmarksTests.swift; sourceTree = "<group>"; };
		E226D18D279D195200AB97BA /* LandmarksUITests.xctest */ = {isa = PBXFileReference; explicitFileType = wrapper.cfbundle; includeInIndex = 0; path = LandmarksUITests.xctest; sourceTree = BUILT_PRODUCTS_DIR; };
		E226D191279D195200AB97BA /* LandmarksUITests.swift */ = {isa = PBXFileReference; lastKnownFileType = sourcecode.swift; path = LandmarksUITests.swift; sourceTree = "<group>"; };
		E226D193279D195300AB97BA /* LandmarksUITestsLaunchTests.swift */ = {isa = PBXFileReference; lastKnownFileType = sourcecode.swift; path = LandmarksUITestsLaunchTests.swift; sourceTree = "<group>"; };
		E228D059279D2DD2008599B2 /* CircleImage.swift */ = {isa = PBXFileReference; lastKnownFileType = sourcecode.swift; path = CircleImage.swift; sourceTree = "<group>"; };
		E228D05B279D31BC008599B2 /* MapView.swift */ = {isa = PBXFileReference; lastKnownFileType = sourcecode.swift; path = MapView.swift; sourceTree = "<group>"; };
/* End PBXFileReference section */

/* Begin PBXFrameworksBuildPhase section */
		E226D170279D195000AB97BA /* Frameworks */ = {
			isa = PBXFrameworksBuildPhase;
			buildActionMask = 2147483647;
			files = (
			);
			runOnlyForDeploymentPostprocessing = 0;
		};
		E226D180279D195200AB97BA /* Frameworks */ = {
			isa = PBXFrameworksBuildPhase;
			buildActionMask = 2147483647;
			files = (
			);
			runOnlyForDeploymentPostprocessing = 0;
		};
		E226D18A279D195200AB97BA /* Frameworks */ = {
			isa = PBXFrameworksBuildPhase;
			buildActionMask = 2147483647;
			files = (
			);
			runOnlyForDeploymentPostprocessing = 0;
		};
/* End PBXFrameworksBuildPhase section */

/* Begin PBXGroup section */
		E20B0BB9279D45F000528EFC /* View */ = {
			isa = PBXGroup;
			children = (
				E228D059279D2DD2008599B2 /* CircleImage.swift */,
				E226D178279D195000AB97BA /* ContentView.swift */,
				E228D05B279D31BC008599B2 /* MapView.swift */,
				E20B0BBE279D55FC00528EFC /* LandmarkRow.swift */,
				E20B0BC0279D59AC00528EFC /* LandmarkList.swift */,
				E20B0BC2279D5C5300528EFC /* LandmarkDetail.swift */,
				E20B0BCA27A15D3E00528EFC /* HexagonParameters.swift */,
			);
			path = View;
			sourceTree = "<group>";
		};
		E20B0BBA279D461800528EFC /* Resource */ = {
			isa = PBXGroup;
			children = (
				E20B0BB3279D40E900528EFC /* landmarkData.json */,
			);
			path = Resource;
			sourceTree = "<group>";
		};
		E20B0BBB279D465000528EFC /* Model */ = {
			isa = PBXGroup;
			children = (
				E20B0BB5279D411200528EFC /* Landmark.swift */,
				E20B0BB7279D443900528EFC /* ModelData.swift */,
			);
			path = Model;
			sourceTree = "<group>";
		};
		E226D16A279D195000AB97BA = {
			isa = PBXGroup;
			children = (
				E226D175279D195000AB97BA /* Landmarks */,
				E226D186279D195200AB97BA /* LandmarksTests */,
				E226D190279D195200AB97BA /* LandmarksUITests */,
				E226D174279D195000AB97BA /* Products */,
			);
			sourceTree = "<group>";
		};
		E226D174279D195000AB97BA /* Products */ = {
			isa = PBXGroup;
			children = (
				E226D173279D195000AB97BA /* Landmarks.app */,
				E226D183279D195200AB97BA /* LandmarksTests.xctest */,
				E226D18D279D195200AB97BA /* LandmarksUITests.xctest */,
			);
			name = Products;
			sourceTree = "<group>";
		};
		E226D175279D195000AB97BA /* Landmarks */ = {
			isa = PBXGroup;
			children = (
				E20B0BBB279D465000528EFC /* Model */,
				E20B0BBA279D461800528EFC /* Resource */,
				E20B0BB9279D45F000528EFC /* View */,
				E226D176279D195000AB97BA /* LandmarksApp.swift */,
				E226D17A279D195200AB97BA /* Assets.xcassets */,
				E226D17C279D195200AB97BA /* Preview Content */,
			);
			path = Landmarks;
			sourceTree = "<group>";
		};
		E226D17C279D195200AB97BA /* Preview Content */ = {
			isa = PBXGroup;
			children = (
				E226D17D279D195200AB97BA /* Preview Assets.xcassets */,
			);
			path = "Preview Content";
			sourceTree = "<group>";
		};
		E226D186279D195200AB97BA /* LandmarksTests */ = {
			isa = PBXGroup;
			children = (
				E226D187279D195200AB97BA /* LandmarksTests.swift */,
			);
			path = LandmarksTests;
			sourceTree = "<group>";
		};
		E226D190279D195200AB97BA /* LandmarksUITests */ = {
			isa = PBXGroup;
			children = (
				E226D191279D195200AB97BA /* LandmarksUITests.swift */,
				E226D193279D195300AB97BA /* LandmarksUITestsLaunchTests.swift */,
			);
			path = LandmarksUITests;
			sourceTree = "<group>";
		};
/* End PBXGroup section */

/* Begin PBXNativeTarget section */
		E226D172279D195000AB97BA /* Landmarks */ = {
			isa = PBXNativeTarget;
			buildConfigurationList = E226D197279D195300AB97BA /* Build configuration list for PBXNativeTarget "Landmarks" */;
			buildPhases = (
				E226D16F279D195000AB97BA /* Sources */,
				E226D170279D195000AB97BA /* Frameworks */,
				E226D171279D195000AB97BA /* Resources */,
			);
			buildRules = (
			);
			dependencies = (
			);
			name = Landmarks;
			productName = Landmarks;
			productReference = E226D173279D195000AB97BA /* Landmarks.app */;
			productType = "com.apple.product-type.application";
		};
		E226D182279D195200AB97BA /* LandmarksTests */ = {
			isa = PBXNativeTarget;
			buildConfigurationList = E226D19A279D195300AB97BA /* Build configuration list for PBXNativeTarget "LandmarksTests" */;
			buildPhases = (
				E226D17F279D195200AB97BA /* Sources */,
				E226D180279D195200AB97BA /* Frameworks */,
				E226D181279D195200AB97BA /* Resources */,
			);
			buildRules = (
			);
			dependencies = (
				E226D185279D195200AB97BA /* PBXTargetDependency */,
			);
			name = LandmarksTests;
			productName = LandmarksTests;
			productReference = E226D183279D195200AB97BA /* LandmarksTests.xctest */;
			productType = "com.apple.product-type.bundle.unit-test";
		};
		E226D18C279D195200AB97BA /* LandmarksUITests */ = {
			isa = PBXNativeTarget;
			buildConfigurationList = E226D19D279D195300AB97BA /* Build configuration list for PBXNativeTarget "LandmarksUITests" */;
			buildPhases = (
				E226D189279D195200AB97BA /* Sources */,
				E226D18A279D195200AB97BA /* Frameworks */,
				E226D18B279D195200AB97BA /* Resources */,
			);
			buildRules = (
			);
			dependencies = (
				E226D18F279D195200AB97BA /* PBXTargetDependency */,
			);
			name = LandmarksUITests;
			productName = LandmarksUITests;
			productReference = E226D18D279D195200AB97BA /* LandmarksUITests.xctest */;
			productType = "com.apple.product-type.bundle.ui-testing";
		};
/* End PBXNativeTarget section */

/* Begin PBXProject section */
		E226D16B279D195000AB97BA /* Project object */ = {
			isa = PBXProject;
			attributes = {
				BuildIndependentTargetsInParallel = 1;
				LastSwiftUpdateCheck = 1300;
				LastUpgradeCheck = 1300;
				TargetAttributes = {
					E226D172279D195000AB97BA = {
						CreatedOnToolsVersion = 13.0;
					};
					E226D182279D195200AB97BA = {
						CreatedOnToolsVersion = 13.0;
						TestTargetID = E226D172279D195000AB97BA;
					};
					E226D18C279D195200AB97BA = {
						CreatedOnToolsVersion = 13.0;
						TestTargetID = E226D172279D195000AB97BA;
					};
				};
			};
			buildConfigurationList = E226D16E279D195000AB97BA /* Build configuration list for PBXProject "Landmarks" */;
			compatibilityVersion = "Xcode 13.0";
			developmentRegion = en;
			hasScannedForEncodings = 0;
			knownRegions = (
				en,
				Base,
			);
			mainGroup = E226D16A279D195000AB97BA;
			productRefGroup = E226D174279D195000AB97BA /* Products */;
			projectDirPath = "";
			projectRoot = "";
			targets = (
				E226D172279D195000AB97BA /* Landmarks */,
				E226D182279D195200AB97BA /* LandmarksTests */,
				E226D18C279D195200AB97BA /* LandmarksUITests */,
			);
		};
/* End PBXProject section */

/* Begin PBXResourcesBuildPhase section */
		E226D171279D195000AB97BA /* Resources */ = {
			isa = PBXResourcesBuildPhase;
			buildActionMask = 2147483647;
			files = (
				E226D17E279D195200AB97BA /* Preview Assets.xcassets in Resources */,
				E226D17B279D195200AB97BA /* Assets.xcassets in Resources */,
				E20B0BB4279D40E900528EFC /* landmarkData.json in Resources */,
			);
			runOnlyForDeploymentPostprocessing = 0;
		};
		E226D181279D195200AB97BA /* Resources */ = {
			isa = PBXResourcesBuildPhase;
			buildActionMask = 2147483647;
			files = (
			);
			runOnlyForDeploymentPostprocessing = 0;
		};
		E226D18B279D195200AB97BA /* Resources */ = {
			isa = PBXResourcesBuildPhase;
			buildActionMask = 2147483647;
			files = (
			);
			runOnlyForDeploymentPostprocessing = 0;
		};
/* End PBXResourcesBuildPhase section */

/* Begin PBXSourcesBuildPhase section */
		E226D16F279D195000AB97BA /* Sources */ = {
			isa = PBXSourcesBuildPhase;
			buildActionMask = 2147483647;
			files = (
				E20B0BCB27A15D3E00528EFC /* HexagonParameters.swift in Sources */,
				E226D179279D195000AB97BA /* ContentView.swift in Sources */,
				E228D05C279D31BC008599B2 /* MapView.swift in Sources */,
				E226D177279D195000AB97BA /* LandmarksApp.swift in Sources */,
				E20B0BC1279D59AC00528EFC /* LandmarkList.swift in Sources */,
				E20B0BC3279D5C5300528EFC /* LandmarkDetail.swift in Sources */,
				E228D05A279D2DD2008599B2 /* CircleImage.swift in Sources */,
				E20B0BB6279D411200528EFC /* Landmark.swift in Sources */,
				E20B0BBF279D55FC00528EFC /* LandmarkRow.swift in Sources */,
				E20B0BB8279D443900528EFC /* ModelData.swift in Sources */,
			);
			runOnlyForDeploymentPostprocessing = 0;
		};
		E226D17F279D195200AB97BA /* Sources */ = {
			isa = PBXSourcesBuildPhase;
			buildActionMask = 2147483647;
			files = (
				E226D188279D195200AB97BA /* LandmarksTests.swift in Sources */,
			);
			runOnlyForDeploymentPostprocessing = 0;
		};
		E226D189279D195200AB97BA /* Sources */ = {
			isa = PBXSourcesBuildPhase;
			buildActionMask = 2147483647;
			files = (
				E226D194279D195300AB97BA /* LandmarksUITestsLaunchTests.swift in Sources */,
				E226D192279D195200AB97BA /* LandmarksUITests.swift in Sources */,
			);
			runOnlyForDeploymentPostprocessing = 0;
		};
/* End PBXSourcesBuildPhase section */

/* Begin PBXTargetDependency section */
		E226D185279D195200AB97BA /* PBXTargetDependency */ = {
			isa = PBXTargetDependency;
			target = E226D172279D195000AB97BA /* Landmarks */;
			targetProxy = E226D184279D195200AB97BA /* PBXContainerItemProxy */;
		};
		E226D18F279D195200AB97BA /* PBXTargetDependency */ = {
			isa = PBXTargetDependency;
			target = E226D172279D195000AB97BA /* Landmarks */;
			targetProxy = E226D18E279D195200AB97BA /* PBXContainerItemProxy */;
		};
/* End PBXTargetDependency section */

/* Begin XCBuildConfiguration section */
		E226D195279D195300AB97BA /* Debug */ = {
			isa = XCBuildConfiguration;
			buildSettings = {
				ALWAYS_SEARCH_USER_PATHS = NO;
				CLANG_ANALYZER_NONNULL = YES;
				CLANG_ANALYZER_NUMBER_OBJECT_CONVERSION = YES_AGGRESSIVE;
				CLANG_CXX_LANGUAGE_STANDARD = "gnu++17";
				CLANG_CXX_LIBRARY = "libc++";
				CLANG_ENABLE_MODULES = YES;
				CLANG_ENABLE_OBJC_ARC = YES;
				CLANG_ENABLE_OBJC_WEAK = YES;
				CLANG_WARN_BLOCK_CAPTURE_AUTORELEASING = YES;
				CLANG_WARN_BOOL_CONVERSION = YES;
				CLANG_WARN_COMMA = YES;
				CLANG_WARN_CONSTANT_CONVERSION = YES;
				CLANG_WARN_DEPRECATED_OBJC_IMPLEMENTATIONS = YES;
				CLANG_WARN_DIRECT_OBJC_ISA_USAGE = YES_ERROR;
				CLANG_WARN_DOCUMENTATION_COMMENTS = YES;
				CLANG_WARN_EMPTY_BODY = YES;
				CLANG_WARN_ENUM_CONVERSION = YES;
				CLANG_WARN_INFINITE_RECURSION = YES;
				CLANG_WARN_INT_CONVERSION = YES;
				CLANG_WARN_NON_LITERAL_NULL_CONVERSION = YES;
				CLANG_WARN_OBJC_IMPLICIT_RETAIN_SELF = YES;
				CLANG_WARN_OBJC_LITERAL_CONVERSION = YES;
				CLANG_WARN_OBJC_ROOT_CLASS = YES_ERROR;
				CLANG_WARN_QUOTED_INCLUDE_IN_FRAMEWORK_HEADER = YES;
				CLANG_WARN_RANGE_LOOP_ANALYSIS = YES;
				CLANG_WARN_STRICT_PROTOTYPES = YES;
				CLANG_WARN_SUSPICIOUS_MOVE = YES;
				CLANG_WARN_UNGUARDED_AVAILABILITY = YES_AGGRESSIVE;
				CLANG_WARN_UNREACHABLE_CODE = YES;
				CLANG_WARN__DUPLICATE_METHOD_MATCH = YES;
				COPY_PHASE_STRIP = NO;
				DEBUG_INFORMATION_FORMAT = dwarf;
				ENABLE_STRICT_OBJC_MSGSEND = YES;
				ENABLE_TESTABILITY = YES;
				GCC_C_LANGUAGE_STANDARD = gnu11;
				GCC_DYNAMIC_NO_PIC = NO;
				GCC_NO_COMMON_BLOCKS = YES;
				GCC_OPTIMIZATION_LEVEL = 0;
				GCC_PREPROCESSOR_DEFINITIONS = (
					"DEBUG=1",
					"$(inherited)",
				);
				GCC_WARN_64_TO_32_BIT_CONVERSION = YES;
				GCC_WARN_ABOUT_RETURN_TYPE = YES_ERROR;
				GCC_WARN_UNDECLARED_SELECTOR = YES;
				GCC_WARN_UNINITIALIZED_AUTOS = YES_AGGRESSIVE;
				GCC_WARN_UNUSED_FUNCTION = YES;
				GCC_WARN_UNUSED_VARIABLE = YES;
				IPHONEOS_DEPLOYMENT_TARGET = 15.0;
				MTL_ENABLE_DEBUG_INFO = INCLUDE_SOURCE;
				MTL_FAST_MATH = YES;
				ONLY_ACTIVE_ARCH = YES;
				SDKROOT = iphoneos;
				SWIFT_ACTIVE_COMPILATION_CONDITIONS = DEBUG;
				SWIFT_OPTIMIZATION_LEVEL = "-Onone";
			};
			name = Debug;
		};
		E226D196279D195300AB97BA /* Release */ = {
			isa = XCBuildConfiguration;
			buildSettings = {
				ALWAYS_SEARCH_USER_PATHS = NO;
				CLANG_ANALYZER_NONNULL = YES;
				CLANG_ANALYZER_NUMBER_OBJECT_CONVERSION = YES_AGGRESSIVE;
				CLANG_CXX_LANGUAGE_STANDARD = "gnu++17";
				CLANG_CXX_LIBRARY = "libc++";
				CLANG_ENABLE_MODULES = YES;
				CLANG_ENABLE_OBJC_ARC = YES;
				CLANG_ENABLE_OBJC_WEAK = YES;
				CLANG_WARN_BLOCK_CAPTURE_AUTORELEASING = YES;
				CLANG_WARN_BOOL_CONVERSION = YES;
				CLANG_WARN_COMMA = YES;
				CLANG_WARN_CONSTANT_CONVERSION = YES;
				CLANG_WARN_DEPRECATED_OBJC_IMPLEMENTATIONS = YES;
				CLANG_WARN_DIRECT_OBJC_ISA_USAGE = YES_ERROR;
				CLANG_WARN_DOCUMENTATION_COMMENTS = YES;
				CLANG_WARN_EMPTY_BODY = YES;
				CLANG_WARN_ENUM_CONVERSION = YES;
				CLANG_WARN_INFINITE_RECURSION = YES;
				CLANG_WARN_INT_CONVERSION = YES;
				CLANG_WARN_NON_LITERAL_NULL_CONVERSION = YES;
				CLANG_WARN_OBJC_IMPLICIT_RETAIN_SELF = YES;
				CLANG_WARN_OBJC_LITERAL_CONVERSION = YES;
				CLANG_WARN_OBJC_ROOT_CLASS = YES_ERROR;
				CLANG_WARN_QUOTED_INCLUDE_IN_FRAMEWORK_HEADER = YES;
				CLANG_WARN_RANGE_LOOP_ANALYSIS = YES;
				CLANG_WARN_STRICT_PROTOTYPES = YES;
				CLANG_WARN_SUSPICIOUS_MOVE = YES;
				CLANG_WARN_UNGUARDED_AVAILABILITY = YES_AGGRESSIVE;
				CLANG_WARN_UNREACHABLE_CODE = YES;
				CLANG_WARN__DUPLICATE_METHOD_MATCH = YES;
				COPY_PHASE_STRIP = NO;
				DEBUG_INFORMATION_FORMAT = "dwarf-with-dsym";
				ENABLE_NS_ASSERTIONS = NO;
				ENABLE_STRICT_OBJC_MSGSEND = YES;
				GCC_C_LANGUAGE_STANDARD = gnu11;
				GCC_NO_COMMON_BLOCKS = YES;
				GCC_WARN_64_TO_32_BIT_CONVERSION = YES;
				GCC_WARN_ABOUT_RETURN_TYPE = YES_ERROR;
				GCC_WARN_UNDECLARED_SELECTOR = YES;
				GCC_WARN_UNINITIALIZED_AUTOS = YES_AGGRESSIVE;
				GCC_WARN_UNUSED_FUNCTION = YES;
				GCC_WARN_UNUSED_VARIABLE = YES;
				IPHONEOS_DEPLOYMENT_TARGET = 15.0;
				MTL_ENABLE_DEBUG_INFO = NO;
				MTL_FAST_MATH = YES;
				SDKROOT = iphoneos;
				SWIFT_COMPILATION_MODE = wholemodule;
				SWIFT_OPTIMIZATION_LEVEL = "-O";
				VALIDATE_PRODUCT = YES;
			};
			name = Release;
		};
		E226D198279D195300AB97BA /* Debug */ = {
			isa = XCBuildConfiguration;
			buildSettings = {
				ASSETCATALOG_COMPILER_APPICON_NAME = AppIcon;
				ASSETCATALOG_COMPILER_GLOBAL_ACCENT_COLOR_NAME = AccentColor;
				CODE_SIGN_STYLE = Automatic;
				CURRENT_PROJECT_VERSION = 1;
				DEVELOPMENT_ASSET_PATHS = "\"Landmarks/Preview Content\"";
				DEVELOPMENT_TEAM = 5376B3N4D8;
				ENABLE_PREVIEWS = YES;
				GENERATE_INFOPLIST_FILE = YES;
				INFOPLIST_KEY_UIApplicationSceneManifest_Generation = YES;
				INFOPLIST_KEY_UIApplicationSupportsIndirectInputEvents = YES;
				INFOPLIST_KEY_UILaunchScreen_Generation = YES;
				INFOPLIST_KEY_UISupportedInterfaceOrientations_iPad = "UIInterfaceOrientationPortrait UIInterfaceOrientationPortraitUpsideDown UIInterfaceOrientationLandscapeLeft UIInterfaceOrientationLandscapeRight";
				INFOPLIST_KEY_UISupportedInterfaceOrientations_iPhone = "UIInterfaceOrientationPortrait UIInterfaceOrientationLandscapeLeft UIInterfaceOrientationLandscapeRight";
				IPHONEOS_DEPLOYMENT_TARGET = 14.0;
				LD_RUNPATH_SEARCH_PATHS = (
					"$(inherited)",
					"@executable_path/Frameworks",
				);
				MARKETING_VERSION = 1.0;
				PRODUCT_BUNDLE_IDENTIFIER = com.gmail.kyohei.sakamoto00.Landmarks;
				PRODUCT_NAME = "$(TARGET_NAME)";
				SWIFT_EMIT_LOC_STRINGS = YES;
				SWIFT_VERSION = 5.0;
				TARGETED_DEVICE_FAMILY = "1,2";
			};
			name = Debug;
		};
		E226D199279D195300AB97BA /* Release */ = {
			isa = XCBuildConfiguration;
			buildSettings = {
				ASSETCATALOG_COMPILER_APPICON_NAME = AppIcon;
				ASSETCATALOG_COMPILER_GLOBAL_ACCENT_COLOR_NAME = AccentColor;
				CODE_SIGN_STYLE = Automatic;
				CURRENT_PROJECT_VERSION = 1;
				DEVELOPMENT_ASSET_PATHS = "\"Landmarks/Preview Content\"";
				DEVELOPMENT_TEAM = 5376B3N4D8;
				ENABLE_PREVIEWS = YES;
				GENERATE_INFOPLIST_FILE = YES;
				INFOPLIST_KEY_UIApplicationSceneManifest_Generation = YES;
				INFOPLIST_KEY_UIApplicationSupportsIndirectInputEvents = YES;
				INFOPLIST_KEY_UILaunchScreen_Generation = YES;
				INFOPLIST_KEY_UISupportedInterfaceOrientations_iPad = "UIInterfaceOrientationPortrait UIInterfaceOrientationPortraitUpsideDown UIInterfaceOrientationLandscapeLeft UIInterfaceOrientationLandscapeRight";
				INFOPLIST_KEY_UISupportedInterfaceOrientations_iPhone = "UIInterfaceOrientationPortrait UIInterfaceOrientationLandscapeLeft UIInterfaceOrientationLandscapeRight";
				IPHONEOS_DEPLOYMENT_TARGET = 14.0;
				LD_RUNPATH_SEARCH_PATHS = (
					"$(inherited)",
					"@executable_path/Frameworks",
				);
				MARKETING_VERSION = 1.0;
				PRODUCT_BUNDLE_IDENTIFIER = com.gmail.kyohei.sakamoto00.Landmarks;
				PRODUCT_NAME = "$(TARGET_NAME)";
				SWIFT_EMIT_LOC_STRINGS = YES;
				SWIFT_VERSION = 5.0;
				TARGETED_DEVICE_FAMILY = "1,2";
			};
			name = Release;
		};
		E226D19B279D195300AB97BA /* Debug */ = {
			isa = XCBuildConfiguration;
			buildSettings = {
				ALWAYS_EMBED_SWIFT_STANDARD_LIBRARIES = YES;
				BUNDLE_LOADER = "$(TEST_HOST)";
				CODE_SIGN_STYLE = Automatic;
				CURRENT_PROJECT_VERSION = 1;
				DEVELOPMENT_TEAM = 5376B3N4D8;
				GENERATE_INFOPLIST_FILE = YES;
				IPHONEOS_DEPLOYMENT_TARGET = 14.0;
				LD_RUNPATH_SEARCH_PATHS = (
					"$(inherited)",
					"@executable_path/Frameworks",
					"@loader_path/Frameworks",
				);
				MARKETING_VERSION = 1.0;
				PRODUCT_BUNDLE_IDENTIFIER = com.gmail.kyohei.sakamoto00.LandmarksTests;
				PRODUCT_NAME = "$(TARGET_NAME)";
				SWIFT_EMIT_LOC_STRINGS = NO;
				SWIFT_VERSION = 5.0;
				TARGETED_DEVICE_FAMILY = "1,2";
				TEST_HOST = "$(BUILT_PRODUCTS_DIR)/Landmarks.app/Landmarks";
			};
			name = Debug;
		};
		E226D19C279D195300AB97BA /* Release */ = {
			isa = XCBuildConfiguration;
			buildSettings = {
				ALWAYS_EMBED_SWIFT_STANDARD_LIBRARIES = YES;
				BUNDLE_LOADER = "$(TEST_HOST)";
				CODE_SIGN_STYLE = Automatic;
				CURRENT_PROJECT_VERSION = 1;
				DEVELOPMENT_TEAM = 5376B3N4D8;
				GENERATE_INFOPLIST_FILE = YES;
				IPHONEOS_DEPLOYMENT_TARGET = 14.0;
				LD_RUNPATH_SEARCH_PATHS = (
					"$(inherited)",
					"@executable_path/Frameworks",
					"@loader_path/Frameworks",
				);
				MARKETING_VERSION = 1.0;
				PRODUCT_BUNDLE_IDENTIFIER = com.gmail.kyohei.sakamoto00.LandmarksTests;
				PRODUCT_NAME = "$(TARGET_NAME)";
				SWIFT_EMIT_LOC_STRINGS = NO;
				SWIFT_VERSION = 5.0;
				TARGETED_DEVICE_FAMILY = "1,2";
				TEST_HOST = "$(BUILT_PRODUCTS_DIR)/Landmarks.app/Landmarks";
			};
			name = Release;
		};
		E226D19E279D195300AB97BA /* Debug */ = {
			isa = XCBuildConfiguration;
			buildSettings = {
				ALWAYS_EMBED_SWIFT_STANDARD_LIBRARIES = YES;
				CODE_SIGN_STYLE = Automatic;
				CURRENT_PROJECT_VERSION = 1;
				DEVELOPMENT_TEAM = 5376B3N4D8;
				GENERATE_INFOPLIST_FILE = YES;
				LD_RUNPATH_SEARCH_PATHS = (
					"$(inherited)",
					"@executable_path/Frameworks",
					"@loader_path/Frameworks",
				);
				MARKETING_VERSION = 1.0;
				PRODUCT_BUNDLE_IDENTIFIER = com.gmail.kyohei.sakamoto00.LandmarksUITests;
				PRODUCT_NAME = "$(TARGET_NAME)";
				SWIFT_EMIT_LOC_STRINGS = NO;
				SWIFT_VERSION = 5.0;
				TARGETED_DEVICE_FAMILY = "1,2";
				TEST_TARGET_NAME = Landmarks;
			};
			name = Debug;
		};
		E226D19F279D195300AB97BA /* Release */ = {
			isa = XCBuildConfiguration;
			buildSettings = {
				ALWAYS_EMBED_SWIFT_STANDARD_LIBRARIES = YES;
				CODE_SIGN_STYLE = Automatic;
				CURRENT_PROJECT_VERSION = 1;
				DEVELOPMENT_TEAM = 5376B3N4D8;
				GENERATE_INFOPLIST_FILE = YES;
				LD_RUNPATH_SEARCH_PATHS = (
					"$(inherited)",
					"@executable_path/Frameworks",
					"@loader_path/Frameworks",
				);
				MARKETING_VERSION = 1.0;
				PRODUCT_BUNDLE_IDENTIFIER = com.gmail.kyohei.sakamoto00.LandmarksUITests;
				PRODUCT_NAME = "$(TARGET_NAME)";
				SWIFT_EMIT_LOC_STRINGS = NO;
				SWIFT_VERSION = 5.0;
				TARGETED_DEVICE_FAMILY = "1,2";
				TEST_TARGET_NAME = Landmarks;
			};
			name = Release;
		};
/* End XCBuildConfiguration section */

/* Begin XCConfigurationList section */
		E226D16E279D195000AB97BA /* Build configuration list for PBXProject "Landmarks" */ = {
			isa = XCConfigurationList;
			buildConfigurations = (
				E226D195279D195300AB97BA /* Debug */,
				E226D196279D195300AB97BA /* Release */,
			);
			defaultConfigurationIsVisible = 0;
			defaultConfigurationName = Release;
		};
		E226D197279D195300AB97BA /* Build configuration list for PBXNativeTarget "Landmarks" */ = {
			isa = XCConfigurationList;
			buildConfigurations = (
				E226D198279D195300AB97BA /* Debug */,
				E226D199279D195300AB97BA /* Release */,
			);
			defaultConfigurationIsVisible = 0;
			defaultConfigurationName = Release;
		};
		E226D19A279D195300AB97BA /* Build configuration list for PBXNativeTarget "LandmarksTests" */ = {
			isa = XCConfigurationList;
			buildConfigurations = (
				E226D19B279D195300AB97BA /* Debug */,
				E226D19C279D195300AB97BA /* Release */,
			);
			defaultConfigurationIsVisible = 0;
			defaultConfigurationName = Release;
		};
		E226D19D279D195300AB97BA /* Build configuration list for PBXNativeTarget "LandmarksUITests" */ = {
			isa = XCConfigurationList;
			buildConfigurations = (
				E226D19E279D195300AB97BA /* Debug */,
				E226D19F279D195300AB97BA /* Release */,
			);
			defaultConfigurationIsVisible = 0;
			defaultConfigurationName = Release;
		};
/* End XCConfigurationList section */
	};
	rootObject = E226D16B279D195000AB97BA /* Project object */;
}
